// !$*UTF8*$!
{
	archiveVersion = 1;
	classes = {
	};
	objectVersion = 46;
	objects = {

/* Begin PBXBuildFile section */
		36DEA2B6181948BB00C920EE /* Foundation.framework in Frameworks */ = {isa = PBXBuildFile; fileRef = 36DEA2B5181948BB00C920EE /* Foundation.framework */; };
		36DEA2B8181948BB00C920EE /* CoreGraphics.framework in Frameworks */ = {isa = PBXBuildFile; fileRef = 36DEA2B7181948BB00C920EE /* CoreGraphics.framework */; };
		36DEA2BA181948BB00C920EE /* UIKit.framework in Frameworks */ = {isa = PBXBuildFile; fileRef = 36DEA2B9181948BB00C920EE /* UIKit.framework */; };
		36DEA2C0181948BB00C920EE /* InfoPlist.strings in Resources */ = {isa = PBXBuildFile; fileRef = 36DEA2BE181948BB00C920EE /* InfoPlist.strings */; };
		36DEA2C2181948BB00C920EE /* main.m in Sources */ = {isa = PBXBuildFile; fileRef = 36DEA2C1181948BB00C920EE /* main.m */; };
		36DEA2C6181948BB00C920EE /* AppDelegate.m in Sources */ = {isa = PBXBuildFile; fileRef = 36DEA2C5181948BB00C920EE /* AppDelegate.m */; };
		36DEA2C8181948BB00C920EE /* Images.xcassets in Resources */ = {isa = PBXBuildFile; fileRef = 36DEA2C7181948BB00C920EE /* Images.xcassets */; };
		36DEA2CF181948BB00C920EE /* XCTest.framework in Frameworks */ = {isa = PBXBuildFile; fileRef = 36DEA2CE181948BB00C920EE /* XCTest.framework */; };
		36DEA2D0181948BB00C920EE /* Foundation.framework in Frameworks */ = {isa = PBXBuildFile; fileRef = 36DEA2B5181948BB00C920EE /* Foundation.framework */; };
		36DEA2D1181948BB00C920EE /* UIKit.framework in Frameworks */ = {isa = PBXBuildFile; fileRef = 36DEA2B9181948BB00C920EE /* UIKit.framework */; };
		36DEA2D9181948BB00C920EE /* InfoPlist.strings in Resources */ = {isa = PBXBuildFile; fileRef = 36DEA2D7181948BB00C920EE /* InfoPlist.strings */; };
		36DEA2DB181948BB00C920EE /* TextKitDemoTests.m in Sources */ = {isa = PBXBuildFile; fileRef = 36DEA2DA181948BB00C920EE /* TextKitDemoTests.m */; };
/* End PBXBuildFile section */

/* Begin PBXContainerItemProxy section */
		36DEA2D2181948BB00C920EE /* PBXContainerItemProxy */ = {
			isa = PBXContainerItemProxy;
			containerPortal = 36DEA2AA181948BB00C920EE /* Project object */;
			proxyType = 1;
			remoteGlobalIDString = 36DEA2B1181948BB00C920EE;
			remoteInfo = TextKitDemo;
		};
/* End PBXContainerItemProxy section */

/* Begin PBXFileReference section */
		36DEA2B2181948BB00C920EE /* TextKitDemo.app */ = {isa = PBXFileReference; explicitFileType = wrapper.application; includeInIndex = 0; path = TextKitDemo.app; sourceTree = BUILT_PRODUCTS_DIR; };
		36DEA2B5181948BB00C920EE /* Foundation.framework */ = {isa = PBXFileReference; lastKnownFileType = wrapper.framework; name = Foundation.framework; path = System/Library/Frameworks/Foundation.framework; sourceTree = SDKROOT; };
		36DEA2B7181948BB00C920EE /* CoreGraphics.framework */ = {isa = PBXFileReference; lastKnownFileType = wrapper.framework; name = CoreGraphics.framework; path = System/Library/Frameworks/CoreGraphics.framework; sourceTree = SDKROOT; };
		36DEA2B9181948BB00C920EE /* UIKit.framework */ = {isa = PBXFileReference; lastKnownFileType = wrapper.framework; name = UIKit.framework; path = System/Library/Frameworks/UIKit.framework; sourceTree = SDKROOT; };
		36DEA2BD181948BB00C920EE /* TextKitDemo-Info.plist */ = {isa = PBXFileReference; lastKnownFileType = text.plist.xml; path = "TextKitDemo-Info.plist"; sourceTree = "<group>"; };
		36DEA2BF181948BB00C920EE /* en */ = {isa = PBXFileReference; lastKnownFileType = text.plist.strings; name = en; path = en.lproj/InfoPlist.strings; sourceTree = "<group>"; };
		36DEA2C1181948BB00C920EE /* main.m */ = {isa = PBXFileReference; lastKnownFileType = sourcecode.c.objc; path = main.m; sourceTree = "<group>"; };
		36DEA2C3181948BB00C920EE /* TextKitDemo-Prefix.pch */ = {isa = PBXFileReference; lastKnownFileType = sourcecode.c.h; path = "TextKitDemo-Prefix.pch"; sourceTree = "<group>"; };
		36DEA2C4181948BB00C920EE /* AppDelegate.h */ = {isa = PBXFileReference; lastKnownFileType = sourcecode.c.h; path = AppDelegate.h; sourceTree = "<group>"; };
		36DEA2C5181948BB00C920EE /* AppDelegate.m */ = {isa = PBXFileReference; lastKnownFileType = sourcecode.c.objc; path = AppDelegate.m; sourceTree = "<group>"; };
		36DEA2C7181948BB00C920EE /* Images.xcassets */ = {isa = PBXFileReference; lastKnownFileType = folder.assetcatalog; path = Images.xcassets; sourceTree = "<group>"; };
		36DEA2CD181948BB00C920EE /* TextKitDemoTests.xctest */ = {isa = PBXFileReference; explicitFileType = wrapper.cfbundle; includeInIndex = 0; path = TextKitDemoTests.xctest; sourceTree = BUILT_PRODUCTS_DIR; };
		36DEA2CE181948BB00C920EE /* XCTest.framework */ = {isa = PBXFileReference; lastKnownFileType = wrapper.framework; name = XCTest.framework; path = Library/Frameworks/XCTest.framework; sourceTree = DEVELOPER_DIR; };
		36DEA2D6181948BB00C920EE /* TextKitDemoTests-Info.plist */ = {isa = PBXFileReference; lastKnownFileType = text.plist.xml; path = "TextKitDemoTests-Info.plist"; sourceTree = "<group>"; };
		36DEA2D8181948BB00C920EE /* en */ = {isa = PBXFileReference; lastKnownFileType = text.plist.strings; name = en; path = en.lproj/InfoPlist.strings; sourceTree = "<group>"; };
		36DEA2DA181948BB00C920EE /* TextKitDemoTests.m */ = {isa = PBXFileReference; lastKnownFileType = sourcecode.c.objc; path = TextKitDemoTests.m; sourceTree = "<group>"; };
/* End PBXFileReference section */

/* Begin PBXFrameworksBuildPhase section */
		36DEA2AF181948BB00C920EE /* Frameworks */ = {
			isa = PBXFrameworksBuildPhase;
			buildActionMask = 2147483647;
			files = (
				36DEA2B8181948BB00C920EE /* CoreGraphics.framework in Frameworks */,
				36DEA2BA181948BB00C920EE /* UIKit.framework in Frameworks */,
				36DEA2B6181948BB00C920EE /* Foundation.framework in Frameworks */,
			);
			runOnlyForDeploymentPostprocessing = 0;
		};
		36DEA2CA181948BB00C920EE /* Frameworks */ = {
			isa = PBXFrameworksBuildPhase;
			buildActionMask = 2147483647;
			files = (
				36DEA2CF181948BB00C920EE /* XCTest.framework in Frameworks */,
				36DEA2D1181948BB00C920EE /* UIKit.framework in Frameworks */,
				36DEA2D0181948BB00C920EE /* Foundation.framework in Frameworks */,
			);
			runOnlyForDeploymentPostprocessing = 0;
		};
/* End PBXFrameworksBuildPhase section */

/* Begin PBXGroup section */
		36DEA2A9181948BB00C920EE = {
			isa = PBXGroup;
			children = (
				36DEA2BB181948BB00C920EE /* TextKitDemo */,
				36DEA2D4181948BB00C920EE /* TextKitDemoTests */,
				36DEA2B4181948BB00C920EE /* Frameworks */,
				36DEA2B3181948BB00C920EE /* Products */,
			);
			sourceTree = "<group>";
		};
		36DEA2B3181948BB00C920EE /* Products */ = {
			isa = PBXGroup;
			children = (
				36DEA2B2181948BB00C920EE /* TextKitDemo.app */,
				36DEA2CD181948BB00C920EE /* TextKitDemoTests.xctest */,
			);
			name = Products;
			sourceTree = "<group>";
		};
		36DEA2B4181948BB00C920EE /* Frameworks */ = {
			isa = PBXGroup;
			children = (
				36DEA2B5181948BB00C920EE /* Foundation.framework */,
				36DEA2B7181948BB00C920EE /* CoreGraphics.framework */,
				36DEA2B9181948BB00C920EE /* UIKit.framework */,
				36DEA2CE181948BB00C920EE /* XCTest.framework */,
			);
			name = Frameworks;
			sourceTree = "<group>";
		};
		36DEA2BB181948BB00C920EE /* TextKitDemo */ = {
			isa = PBXGroup;
			children = (
				36DEA2C4181948BB00C920EE /* AppDelegate.h */,
				36DEA2C5181948BB00C920EE /* AppDelegate.m */,
				36DEA2C7181948BB00C920EE /* Images.xcassets */,
				36DEA2BC181948BB00C920EE /* Supporting Files */,
			);
			path = TextKitDemo;
			sourceTree = "<group>";
		};
		36DEA2BC181948BB00C920EE /* Supporting Files */ = {
			isa = PBXGroup;
			children = (
				36DEA2BD181948BB00C920EE /* TextKitDemo-Info.plist */,
				36DEA2BE181948BB00C920EE /* InfoPlist.strings */,
				36DEA2C1181948BB00C920EE /* main.m */,
				36DEA2C3181948BB00C920EE /* TextKitDemo-Prefix.pch */,
			);
			name = "Supporting Files";
			sourceTree = "<group>";
		};
		36DEA2D4181948BB00C920EE /* TextKitDemoTests */ = {
			isa = PBXGroup;
			children = (
				36DEA2DA181948BB00C920EE /* TextKitDemoTests.m */,
				36DEA2D5181948BB00C920EE /* Supporting Files */,
			);
			path = TextKitDemoTests;
			sourceTree = "<group>";
		};
		36DEA2D5181948BB00C920EE /* Supporting Files */ = {
			isa = PBXGroup;
			children = (
				36DEA2D6181948BB00C920EE /* TextKitDemoTests-Info.plist */,
				36DEA2D7181948BB00C920EE /* InfoPlist.strings */,
			);
			name = "Supporting Files";
			sourceTree = "<group>";
		};
/* End PBXGroup section */

/* Begin PBXNativeTarget section */
		36DEA2B1181948BB00C920EE /* TextKitDemo */ = {
			isa = PBXNativeTarget;
			buildConfigurationList = 36DEA2DE181948BB00C920EE /* Build configuration list for PBXNativeTarget "TextKitDemo" */;
			buildPhases = (
				36DEA2AE181948BB00C920EE /* Sources */,
				36DEA2AF181948BB00C920EE /* Frameworks */,
				36DEA2B0181948BB00C920EE /* Resources */,
			);
			buildRules = (
			);
			dependencies = (
			);
			name = TextKitDemo;
			productName = TextKitDemo;
			productReference = 36DEA2B2181948BB00C920EE /* TextKitDemo.app */;
			productType = "com.apple.product-type.application";
		};
		36DEA2CC181948BB00C920EE /* TextKitDemoTests */ = {
			isa = PBXNativeTarget;
			buildConfigurationList = 36DEA2E1181948BB00C920EE /* Build configuration list for PBXNativeTarget "TextKitDemoTests" */;
			buildPhases = (
				36DEA2C9181948BB00C920EE /* Sources */,
				36DEA2CA181948BB00C920EE /* Frameworks */,
				36DEA2CB181948BB00C920EE /* Resources */,
			);
			buildRules = (
			);
			dependencies = (
				36DEA2D3181948BB00C920EE /* PBXTargetDependency */,
			);
			name = TextKitDemoTests;
			productName = TextKitDemoTests;
			productReference = 36DEA2CD181948BB00C920EE /* TextKitDemoTests.xctest */;
			productType = "com.apple.product-type.bundle.unit-test";
		};
/* End PBXNativeTarget section */

/* Begin PBXProject section */
		36DEA2AA181948BB00C920EE /* Project object */ = {
			isa = PBXProject;
			attributes = {
				LastUpgradeCheck = 0500;
				ORGANIZATIONNAME = minjie;
				TargetAttributes = {
					36DEA2CC181948BB00C920EE = {
						TestTargetID = 36DEA2B1181948BB00C920EE;
					};
				};
			};
			buildConfigurationList = 36DEA2AD181948BB00C920EE /* Build configuration list for PBXProject "TextKitDemo" */;
			compatibilityVersion = "Xcode 3.2";
			developmentRegion = English;
			hasScannedForEncodings = 0;
			knownRegions = (
				en,
			);
			mainGroup = 36DEA2A9181948BB00C920EE;
			productRefGroup = 36DEA2B3181948BB00C920EE /* Products */;
			projectDirPath = "";
			projectRoot = "";
			targets = (
				36DEA2B1181948BB00C920EE /* TextKitDemo */,
				36DEA2CC181948BB00C920EE /* TextKitDemoTests */,
			);
		};
/* End PBXProject section */

/* Begin PBXResourcesBuildPhase section */
		36DEA2B0181948BB00C920EE /* Resources */ = {
			isa = PBXResourcesBuildPhase;
			buildActionMask = 2147483647;
			files = (
				36DEA2C0181948BB00C920EE /* InfoPlist.strings in Resources */,
				36DEA2C8181948BB00C920EE /* Images.xcassets in Resources */,
			);
			runOnlyForDeploymentPostprocessing = 0;
		};
		36DEA2CB181948BB00C920EE /* Resources */ = {
			isa = PBXResourcesBuildPhase;
			buildActionMask = 2147483647;
			files = (
				36DEA2D9181948BB00C920EE /* InfoPlist.strings in Resources */,
			);
			runOnlyForDeploymentPostprocessing = 0;
		};
/* End PBXResourcesBuildPhase section */

/* Begin PBXSourcesBuildPhase section */
		36DEA2AE181948BB00C920EE /* Sources */ = {
			isa = PBXSourcesBuildPhase;
			buildActionMask = 2147483647;
			files = (
				36DEA2C6181948BB00C920EE /* AppDelegate.m in Sources */,
				36DEA2C2181948BB00C920EE /* main.m in Sources */,
			);
			runOnlyForDeploymentPostprocessing = 0;
		};
		36DEA2C9181948BB00C920EE /* Sources */ = {
			isa = PBXSourcesBuildPhase;
			buildActionMask = 2147483647;
			files = (
				36DEA2DB181948BB00C920EE /* TextKitDemoTests.m in Sources */,
			);
			runOnlyForDeploymentPostprocessing = 0;
		};
/* End PBXSourcesBuildPhase section */

/* Begin PBXTargetDependency section */
		36DEA2D3181948BB00C920EE /* PBXTargetDependency */ = {
			isa = PBXTargetDependency;
			target = 36DEA2B1181948BB00C920EE /* TextKitDemo */;
			targetProxy = 36DEA2D2181948BB00C920EE /* PBXContainerItemProxy */;
		};
/* End PBXTargetDependency section */

/* Begin PBXVariantGroup section */
		36DEA2BE181948BB00C920EE /* InfoPlist.strings */ = {
			isa = PBXVariantGroup;
			children = (
				36DEA2BF181948BB00C920EE /* en */,
			);
			name = InfoPlist.strings;
			sourceTree = "<group>";
		};
		36DEA2D7181948BB00C920EE /* InfoPlist.strings */ = {
			isa = PBXVariantGroup;
			children = (
				36DEA2D8181948BB00C920EE /* en */,
			);
			name = InfoPlist.strings;
			sourceTree = "<group>";
		};
/* End PBXVariantGroup section */

/* Begin XCBuildConfiguration section */
		36DEA2DC181948BB00C920EE /* Debug */ = {
			isa = XCBuildConfiguration;
			buildSettings = {
				ALWAYS_SEARCH_USER_PATHS = NO;
				ARCHS = "$(ARCHS_STANDARD_INCLUDING_64_BIT)";
				CLANG_CXX_LANGUAGE_STANDARD = "gnu++0x";
				CLANG_CXX_LIBRARY = "libc++";
				CLANG_ENABLE_MODULES = YES;
				CLANG_ENABLE_OBJC_ARC = YES;
				CLANG_WARN_BOOL_CONVERSION = YES;
				CLANG_WARN_CONSTANT_CONVERSION = YES;
				CLANG_WARN_DIRECT_OBJC_ISA_USAGE = YES_ERROR;
				CLANG_WARN_EMPTY_BODY = YES;
				CLANG_WARN_ENUM_CONVERSION = YES;
				CLANG_WARN_INT_CONVERSION = YES;
				CLANG_WARN_OBJC_ROOT_CLASS = YES_ERROR;
				CLANG_WARN__DUPLICATE_METHOD_MATCH = YES;
				"CODE_SIGN_IDENTITY[sdk=iphoneos*]" = "iPhone Developer";
				COPY_PHASE_STRIP = NO;
				GCC_C_LANGUAGE_STANDARD = gnu99;
				GCC_DYNAMIC_NO_PIC = NO;
				GCC_OPTIMIZATION_LEVEL = 0;
				GCC_PREPROCESSOR_DEFINITIONS = (
					"DEBUG=1",
					"$(inherited)",
				);
				GCC_SYMBOLS_PRIVATE_EXTERN = NO;
				GCC_WARN_64_TO_32_BIT_CONVERSION = YES;
				GCC_WARN_ABOUT_RETURN_TYPE = YES_ERROR;
				GCC_WARN_UNDECLARED_SELECTOR = YES;
				GCC_WARN_UNINITIALIZED_AUTOS = YES;
				GCC_WARN_UNUSED_FUNCTION = YES;
				GCC_WARN_UNUSED_VARIABLE = YES;
				IPHONEOS_DEPLOYMENT_TARGET = 7.0;
				ONLY_ACTIVE_ARCH = YES;
				SDKROOT = iphoneos;
			};
			name = Debug;
		};
		36DEA2DD181948BB00C920EE /* Release */ = {
			isa = XCBuildConfiguration;
			buildSettings = {
				ALWAYS_SEARCH_USER_PATHS = NO;
				ARCHS = "$(ARCHS_STANDARD_INCLUDING_64_BIT)";
				CLANG_CXX_LANGUAGE_STANDARD = "gnu++0x";
				CLANG_CXX_LIBRARY = "libc++";
				CLANG_ENABLE_MODULES = YES;
				CLANG_ENABLE_OBJC_ARC = YES;
				CLANG_WARN_BOOL_CONVERSION = YES;
				CLANG_WARN_CONSTANT_CONVERSION = YES;
				CLANG_WARN_DIRECT_OBJC_ISA_USAGE = YES_ERROR;
				CLANG_WARN_EMPTY_BODY = YES;
				CLANG_WARN_ENUM_CONVERSION = YES;
				CLANG_WARN_INT_CONVERSION = YES;
				CLANG_WARN_OBJC_ROOT_CLASS = YES_ERROR;
				CLANG_WARN__DUPLICATE_METHOD_MATCH = YES;
				"CODE_SIGN_IDENTITY[sdk=iphoneos*]" = "iPhone Developer";
				COPY_PHASE_STRIP = YES;
				ENABLE_NS_ASSERTIONS = NO;
				GCC_C_LANGUAGE_STANDARD = gnu99;
				GCC_WARN_64_TO_32_BIT_CONVERSION = YES;
				GCC_WARN_ABOUT_RETURN_TYPE = YES_ERROR;
				GCC_WARN_UNDECLARED_SELECTOR = YES;
				GCC_WARN_UNINITIALIZED_AUTOS = YES;
				GCC_WARN_UNUSED_FUNCTION = YES;
				GCC_WARN_UNUSED_VARIABLE = YES;
				IPHONEOS_DEPLOYMENT_TARGET = 7.0;
				SDKROOT = iphoneos;
				VALIDATE_PRODUCT = YES;
			};
			name = Release;
		};
		36DEA2DF181948BB00C920EE /* Debug */ = {
			isa = XCBuildConfiguration;
			buildSettings = {
				ASSETCATALOG_COMPILER_APPICON_NAME = AppIcon;
				ASSETCATALOG_COMPILER_LAUNCHIMAGE_NAME = LaunchImage;
				GCC_PRECOMPILE_PREFIX_HEADER = YES;
				GCC_PREFIX_HEADER = "TextKitDemo/TextKitDemo-Prefix.pch";
				INFOPLIST_FILE = "TextKitDemo/TextKitDemo-Info.plist";
				PRODUCT_NAME = "$(TARGET_NAME)";
				WRAPPER_EXTENSION = app;
			};
			name = Debug;
		};
		36DEA2E0181948BB00C920EE /* Release */ = {
			isa = XCBuildConfiguration;
			buildSettings = {
				ASSETCATALOG_COMPILER_APPICON_NAME = AppIcon;
				ASSETCATALOG_COMPILER_LAUNCHIMAGE_NAME = LaunchImage;
				GCC_PRECOMPILE_PREFIX_HEADER = YES;
				GCC_PREFIX_HEADER = "TextKitDemo/TextKitDemo-Prefix.pch";
				INFOPLIST_FILE = "TextKitDemo/TextKitDemo-Info.plist";
				PRODUCT_NAME = "$(TARGET_NAME)";
				WRAPPER_EXTENSION = app;
			};
			name = Release;
		};
		36DEA2E2181948BB00C920EE /* Debug */ = {
			isa = XCBuildConfiguration;
			buildSettings = {
				ARCHS = "$(ARCHS_STANDARD_INCLUDING_64_BIT)";
				BUNDLE_LOADER = "$(BUILT_PRODUCTS_DIR)/TextKitDemo.app/TextKitDemo";
				FRAMEWORK_SEARCH_PATHS = (
					"$(SDKROOT)/Developer/Library/Frameworks",
					"$(inherited)",
					"$(DEVELOPER_FRAMEWORKS_DIR)",
				);
				GCC_PRECOMPILE_PREFIX_HEADER = YES;
				GCC_PREFIX_HEADER = "TextKitDemo/TextKitDemo-Prefix.pch";
				GCC_PREPROCESSOR_DEFINITIONS = (
					"DEBUG=1",
					"$(inherited)",
				);
				INFOPLIST_FILE = "TextKitDemoTests/TextKitDemoTests-Info.plist";
				PRODUCT_NAME = "$(TARGET_NAME)";
				TEST_HOST = "$(BUNDLE_LOADER)";
				WRAPPER_EXTENSION = xctest;
			};
			name = Debug;
		};
		36DEA2E3181948BB00C920EE /* Release */ = {
			isa = XCBuildConfiguration;
			buildSettings = {
				ARCHS = "$(ARCHS_STANDARD_INCLUDING_64_BIT)";
				BUNDLE_LOADER = "$(BUILT_PRODUCTS_DIR)/TextKitDemo.app/TextKitDemo";
				FRAMEWORK_SEARCH_PATHS = (
					"$(SDKROOT)/Developer/Library/Frameworks",
					"$(inherited)",
					"$(DEVELOPER_FRAMEWORKS_DIR)",
				);
				GCC_PRECOMPILE_PREFIX_HEADER = YES;
				GCC_PREFIX_HEADER = "TextKitDemo/TextKitDemo-Prefix.pch";
				INFOPLIST_FILE = "TextKitDemoTests/TextKitDemoTests-Info.plist";
				PRODUCT_NAME = "$(TARGET_NAME)";
				TEST_HOST = "$(BUNDLE_LOADER)";
				WRAPPER_EXTENSION = xctest;
			};
			name = Release;
		};
/* End XCBuildConfiguration section */

/* Begin XCConfigurationList section */
		36DEA2AD181948BB00C920EE /* Build configuration list for PBXProject "TextKitDemo" */ = {
			isa = XCConfigurationList;
			buildConfigurations = (
				36DEA2DC181948BB00C920EE /* Debug */,
				36DEA2DD181948BB00C920EE /* Release */,
			);
			defaultConfigurationIsVisible = 0;
			defaultConfigurationName = Release;
		};
		36DEA2DE181948BB00C920EE /* Build configuration list for PBXNativeTarget "TextKitDemo" */ = {
			isa = XCConfigurationList;
			buildConfigurations = (
				36DEA2DF181948BB00C920EE /* Debug */,
				36DEA2E0181948BB00C920EE /* Release */,
			);
			defaultConfigurationIsVisible = 0;
		};
		36DEA2E1181948BB00C920EE /* Build configuration list for PBXNativeTarget "TextKitDemoTests" */ = {
			isa = XCConfigurationList;
			buildConfigurations = (
				36DEA2E2181948BB00C920EE /* Debug */,
				36DEA2E3181948BB00C920EE /* Release */,
			);
			defaultConfigurationIsVisible = 0;
		};
/* End XCConfigurationList section */
	};
	rootObject = 36DEA2AA181948BB00C920EE /* Project object */;
}
